// !$*UTF8*$!
{
	archiveVersion = 1;
	classes = {
	};
	objectVersion = 48;
	objects = {

/* Begin PBXBuildFile section */
		12FD01C521887CBB00717C2A /* AppDelegate.swift in Sources */ = {isa = PBXBuildFile; fileRef = 12FD01C421887CBB00717C2A /* AppDelegate.swift */; };
		12FD01C721887CBB00717C2A /* ViewController.swift in Sources */ = {isa = PBXBuildFile; fileRef = 12FD01C621887CBB00717C2A /* ViewController.swift */; };
		12FD01CA21887CBB00717C2A /* Main.storyboard in Resources */ = {isa = PBXBuildFile; fileRef = 12FD01C821887CBB00717C2A /* Main.storyboard */; };
		12FD01CC21887CBB00717C2A /* Assets.xcassets in Resources */ = {isa = PBXBuildFile; fileRef = 12FD01CB21887CBB00717C2A /* Assets.xcassets */; };
		12FD01CF21887CBB00717C2A /* LaunchScreen.storyboard in Resources */ = {isa = PBXBuildFile; fileRef = 12FD01CD21887CBB00717C2A /* LaunchScreen.storyboard */; };
		12FD01DA21887CBB00717C2A /* GitLocal_TestTests.swift in Sources */ = {isa = PBXBuildFile; fileRef = 12FD01D921887CBB00717C2A /* GitLocal_TestTests.swift */; };
		12FD01E521887CBB00717C2A /* GitLocal_TestUITests.swift in Sources */ = {isa = PBXBuildFile; fileRef = 12FD01E421887CBB00717C2A /* GitLocal_TestUITests.swift */; };
/* End PBXBuildFile section */

/* Begin PBXContainerItemProxy section */
		12FD01D621887CBB00717C2A /* PBXContainerItemProxy */ = {
			isa = PBXContainerItemProxy;
			containerPortal = 12FD01B921887CBB00717C2A /* Project object */;
			proxyType = 1;
			remoteGlobalIDString = 12FD01C021887CBB00717C2A;
			remoteInfo = GitLocal_Test;
		};
		12FD01E121887CBB00717C2A /* PBXContainerItemProxy */ = {
			isa = PBXContainerItemProxy;
			containerPortal = 12FD01B921887CBB00717C2A /* Project object */;
			proxyType = 1;
			remoteGlobalIDString = 12FD01C021887CBB00717C2A;
			remoteInfo = GitLocal_Test;
		};
/* End PBXContainerItemProxy section */

/* Begin PBXFileReference section */
		12FD01C121887CBB00717C2A /* GitLocal_Test.app */ = {isa = PBXFileReference; explicitFileType = wrapper.application; includeInIndex = 0; path = GitLocal_Test.app; sourceTree = BUILT_PRODUCTS_DIR; };
		12FD01C421887CBB00717C2A /* AppDelegate.swift */ = {isa = PBXFileReference; lastKnownFileType = sourcecode.swift; path = AppDelegate.swift; sourceTree = "<group>"; };
		12FD01C621887CBB00717C2A /* ViewController.swift */ = {isa = PBXFileReference; lastKnownFileType = sourcecode.swift; path = ViewController.swift; sourceTree = "<group>"; };
		12FD01C921887CBB00717C2A /* Base */ = {isa = PBXFileReference; lastKnownFileType = file.storyboard; name = Base; path = Base.lproj/Main.storyboard; sourceTree = "<group>"; };
		12FD01CB21887CBB00717C2A /* Assets.xcassets */ = {isa = PBXFileReference; lastKnownFileType = folder.assetcatalog; path = Assets.xcassets; sourceTree = "<group>"; };
		12FD01CE21887CBB00717C2A /* Base */ = {isa = PBXFileReference; lastKnownFileType = file.storyboard; name = Base; path = Base.lproj/LaunchScreen.storyboard; sourceTree = "<group>"; };
		12FD01D021887CBB00717C2A /* Info.plist */ = {isa = PBXFileReference; lastKnownFileType = text.plist.xml; path = Info.plist; sourceTree = "<group>"; };
		12FD01D521887CBB00717C2A /* GitLocal_TestTests.xctest */ = {isa = PBXFileReference; explicitFileType = wrapper.cfbundle; includeInIndex = 0; path = GitLocal_TestTests.xctest; sourceTree = BUILT_PRODUCTS_DIR; };
		12FD01D921887CBB00717C2A /* GitLocal_TestTests.swift */ = {isa = PBXFileReference; lastKnownFileType = sourcecode.swift; path = GitLocal_TestTests.swift; sourceTree = "<group>"; };
		12FD01DB21887CBB00717C2A /* Info.plist */ = {isa = PBXFileReference; lastKnownFileType = text.plist.xml; path = Info.plist; sourceTree = "<group>"; };
		12FD01E021887CBB00717C2A /* GitLocal_TestUITests.xctest */ = {isa = PBXFileReference; explicitFileType = wrapper.cfbundle; includeInIndex = 0; path = GitLocal_TestUITests.xctest; sourceTree = BUILT_PRODUCTS_DIR; };
		12FD01E421887CBB00717C2A /* GitLocal_TestUITests.swift */ = {isa = PBXFileReference; lastKnownFileType = sourcecode.swift; path = GitLocal_TestUITests.swift; sourceTree = "<group>"; };
		12FD01E621887CBB00717C2A /* Info.plist */ = {isa = PBXFileReference; lastKnownFileType = text.plist.xml; path = Info.plist; sourceTree = "<group>"; };
/* End PBXFileReference section */

/* Begin PBXFrameworksBuildPhase section */
		12FD01BE21887CBB00717C2A /* Frameworks */ = {
			isa = PBXFrameworksBuildPhase;
			buildActionMask = 2147483647;
			files = (
			);
			runOnlyForDeploymentPostprocessing = 0;
		};
		12FD01D221887CBB00717C2A /* Frameworks */ = {
			isa = PBXFrameworksBuildPhase;
			buildActionMask = 2147483647;
			files = (
			);
			runOnlyForDeploymentPostprocessing = 0;
		};
		12FD01DD21887CBB00717C2A /* Frameworks */ = {
			isa = PBXFrameworksBuildPhase;
			buildActionMask = 2147483647;
			files = (
			);
			runOnlyForDeploymentPostprocessing = 0;
		};
/* End PBXFrameworksBuildPhase section */

/* Begin PBXGroup section */
		12FD01B821887CBB00717C2A = {
			isa = PBXGroup;
			children = (
				12FD01C321887CBB00717C2A /* GitLocal_Test */,
				12FD01D821887CBB00717C2A /* GitLocal_TestTests */,
				12FD01E321887CBB00717C2A /* GitLocal_TestUITests */,
				12FD01C221887CBB00717C2A /* Products */,
			);
			sourceTree = "<group>";
		};
		12FD01C221887CBB00717C2A /* Products */ = {
			isa = PBXGroup;
			children = (
				12FD01C121887CBB00717C2A /* GitLocal_Test.app */,
				12FD01D521887CBB00717C2A /* GitLocal_TestTests.xctest */,
				12FD01E021887CBB00717C2A /* GitLocal_TestUITests.xctest */,
			);
			name = Products;
			sourceTree = "<group>";
		};
		12FD01C321887CBB00717C2A /* GitLocal_Test */ = {
			isa = PBXGroup;
			children = (
				12FD01C421887CBB00717C2A /* AppDelegate.swift */,
				12FD01C621887CBB00717C2A /* ViewController.swift */,
				12FD01C821887CBB00717C2A /* Main.storyboard */,
				12FD01CB21887CBB00717C2A /* Assets.xcassets */,
				12FD01CD21887CBB00717C2A /* LaunchScreen.storyboard */,
				12FD01D021887CBB00717C2A /* Info.plist */,
			);
			path = GitLocal_Test;
			sourceTree = "<group>";
		};
		12FD01D821887CBB00717C2A /* GitLocal_TestTests */ = {
			isa = PBXGroup;
			children = (
				12FD01D921887CBB00717C2A /* GitLocal_TestTests.swift */,
				12FD01DB21887CBB00717C2A /* Info.plist */,
			);
			path = GitLocal_TestTests;
			sourceTree = "<group>";
		};
		12FD01E321887CBB00717C2A /* GitLocal_TestUITests */ = {
			isa = PBXGroup;
			children = (
				12FD01E421887CBB00717C2A /* GitLocal_TestUITests.swift */,
				12FD01E621887CBB00717C2A /* Info.plist */,
			);
			path = GitLocal_TestUITests;
			sourceTree = "<group>";
		};
/* End PBXGroup section */

/* Begin PBXNativeTarget section */
		12FD01C021887CBB00717C2A /* GitLocal_Test */ = {
			isa = PBXNativeTarget;
			buildConfigurationList = 12FD01E921887CBB00717C2A /* Build configuration list for PBXNativeTarget "GitLocal_Test" */;
			buildPhases = (
				12FD01BD21887CBB00717C2A /* Sources */,
				12FD01BE21887CBB00717C2A /* Frameworks */,
				12FD01BF21887CBB00717C2A /* Resources */,
			);
			buildRules = (
			);
			dependencies = (
			);
			name = GitLocal_Test;
			productName = GitLocal_Test;
			productReference = 12FD01C121887CBB00717C2A /* GitLocal_Test.app */;
			productType = "com.apple.product-type.application";
		};
		12FD01D421887CBB00717C2A /* GitLocal_TestTests */ = {
			isa = PBXNativeTarget;
			buildConfigurationList = 12FD01EC21887CBB00717C2A /* Build configuration list for PBXNativeTarget "GitLocal_TestTests" */;
			buildPhases = (
				12FD01D121887CBB00717C2A /* Sources */,
				12FD01D221887CBB00717C2A /* Frameworks */,
				12FD01D321887CBB00717C2A /* Resources */,
			);
			buildRules = (
			);
			dependencies = (
				12FD01D721887CBB00717C2A /* PBXTargetDependency */,
			);
			name = GitLocal_TestTests;
			productName = GitLocal_TestTests;
			productReference = 12FD01D521887CBB00717C2A /* GitLocal_TestTests.xctest */;
			productType = "com.apple.product-type.bundle.unit-test";
		};
		12FD01DF21887CBB00717C2A /* GitLocal_TestUITests */ = {
			isa = PBXNativeTarget;
			buildConfigurationList = 12FD01EF21887CBB00717C2A /* Build configuration list for PBXNativeTarget "GitLocal_TestUITests" */;
			buildPhases = (
				12FD01DC21887CBB00717C2A /* Sources */,
				12FD01DD21887CBB00717C2A /* Frameworks */,
				12FD01DE21887CBB00717C2A /* Resources */,
			);
			buildRules = (
			);
			dependencies = (
				12FD01E221887CBB00717C2A /* PBXTargetDependency */,
			);
			name = GitLocal_TestUITests;
			productName = GitLocal_TestUITests;
			productReference = 12FD01E021887CBB00717C2A /* GitLocal_TestUITests.xctest */;
			productType = "com.apple.product-type.bundle.ui-testing";
		};
/* End PBXNativeTarget section */

/* Begin PBXProject section */
		12FD01B921887CBB00717C2A /* Project object */ = {
			isa = PBXProject;
			attributes = {
				LastSwiftUpdateCheck = 0920;
				LastUpgradeCheck = 0920;
				ORGANIZATIONNAME = TestMac;
				TargetAttributes = {
					12FD01C021887CBB00717C2A = {
						CreatedOnToolsVersion = 9.2;
						ProvisioningStyle = Automatic;
					};
					12FD01D421887CBB00717C2A = {
						CreatedOnToolsVersion = 9.2;
						ProvisioningStyle = Automatic;
						TestTargetID = 12FD01C021887CBB00717C2A;
					};
					12FD01DF21887CBB00717C2A = {
						CreatedOnToolsVersion = 9.2;
						ProvisioningStyle = Automatic;
						TestTargetID = 12FD01C021887CBB00717C2A;
					};
				};
			};
			buildConfigurationList = 12FD01BC21887CBB00717C2A /* Build configuration list for PBXProject "GitLocal_Test" */;
			compatibilityVersion = "Xcode 8.0";
			developmentRegion = en;
			hasScannedForEncodings = 0;
			knownRegions = (
				en,
				Base,
			);
			mainGroup = 12FD01B821887CBB00717C2A;
			productRefGroup = 12FD01C221887CBB00717C2A /* Products */;
			projectDirPath = "";
			projectRoot = "";
			targets = (
				12FD01C021887CBB00717C2A /* GitLocal_Test */,
				12FD01D421887CBB00717C2A /* GitLocal_TestTests */,
				12FD01DF21887CBB00717C2A /* GitLocal_TestUITests */,
			);
		};
/* End PBXProject section */

/* Begin PBXResourcesBuildPhase section */
		12FD01BF21887CBB00717C2A /* Resources */ = {
			isa = PBXResourcesBuildPhase;
			buildActionMask = 2147483647;
			files = (
				12FD01CF21887CBB00717C2A /* LaunchScreen.storyboard in Resources */,
				12FD01CC21887CBB00717C2A /* Assets.xcassets in Resources */,
				12FD01CA21887CBB00717C2A /* Main.storyboard in Resources */,
			);
			runOnlyForDeploymentPostprocessing = 0;
		};
		12FD01D321887CBB00717C2A /* Resources */ = {
			isa = PBXResourcesBuildPhase;
			buildActionMask = 2147483647;
			files = (
			);
			runOnlyForDeploymentPostprocessing = 0;
		};
		12FD01DE21887CBB00717C2A /* Resources */ = {
			isa = PBXResourcesBuildPhase;
			buildActionMask = 2147483647;
			files = (
			);
			runOnlyForDeploymentPostprocessing = 0;
		};
/* End PBXResourcesBuildPhase section */

/* Begin PBXSourcesBuildPhase section */
		12FD01BD21887CBB00717C2A /* Sources */ = {
			isa = PBXSourcesBuildPhase;
			buildActionMask = 2147483647;
			files = (
				12FD01C721887CBB00717C2A /* ViewController.swift in Sources */,
				12FD01C521887CBB00717C2A /* AppDelegate.swift in Sources */,
			);
			runOnlyForDeploymentPostprocessing = 0;
		};
		12FD01D121887CBB00717C2A /* Sources */ = {
			isa = PBXSourcesBuildPhase;
			buildActionMask = 2147483647;
			files = (
				12FD01DA21887CBB00717C2A /* GitLocal_TestTests.swift in Sources */,
			);
			runOnlyForDeploymentPostprocessing = 0;
		};
		12FD01DC21887CBB00717C2A /* Sources */ = {
			isa = PBXSourcesBuildPhase;
			buildActionMask = 2147483647;
			files = (
				12FD01E521887CBB00717C2A /* GitLocal_TestUITests.swift in Sources */,
			);
			runOnlyForDeploymentPostprocessing = 0;
		};
/* End PBXSourcesBuildPhase section */

/* Begin PBXTargetDependency section */
		12FD01D721887CBB00717C2A /* PBXTargetDependency */ = {
			isa = PBXTargetDependency;
			target = 12FD01C021887CBB00717C2A /* GitLocal_Test */;
			targetProxy = 12FD01D621887CBB00717C2A /* PBXContainerItemProxy */;
		};
		12FD01E221887CBB00717C2A /* PBXTargetDependency */ = {
			isa = PBXTargetDependency;
			target = 12FD01C021887CBB00717C2A /* GitLocal_Test */;
			targetProxy = 12FD01E121887CBB00717C2A /* PBXContainerItemProxy */;
		};
/* End PBXTargetDependency section */

/* Begin PBXVariantGroup section */
		12FD01C821887CBB00717C2A /* Main.storyboard */ = {
			isa = PBXVariantGroup;
			children = (
				12FD01C921887CBB00717C2A /* Base */,
			);
			name = Main.storyboard;
			sourceTree = "<group>";
		};
		12FD01CD21887CBB00717C2A /* LaunchScreen.storyboard */ = {
			isa = PBXVariantGroup;
			children = (
				12FD01CE21887CBB00717C2A /* Base */,
			);
			name = LaunchScreen.storyboard;
			sourceTree = "<group>";
		};
/* End PBXVariantGroup section */

/* Begin XCBuildConfiguration section */
		12FD01E721887CBB00717C2A /* Debug */ = {
			isa = XCBuildConfiguration;
			buildSettings = {
				ALWAYS_SEARCH_USER_PATHS = NO;
				CLANG_ANALYZER_NONNULL = YES;
				CLANG_ANALYZER_NUMBER_OBJECT_CONVERSION = YES_AGGRESSIVE;
				CLANG_CXX_LANGUAGE_STANDARD = "gnu++14";
				CLANG_CXX_LIBRARY = "libc++";
				CLANG_ENABLE_MODULES = YES;
				CLANG_ENABLE_OBJC_ARC = YES;
				CLANG_WARN_BLOCK_CAPTURE_AUTORELEASING = YES;
				CLANG_WARN_BOOL_CONVERSION = YES;
				CLANG_WARN_COMMA = YES;
				CLANG_WARN_CONSTANT_CONVERSION = YES;
				CLANG_WARN_DIRECT_OBJC_ISA_USAGE = YES_ERROR;
				CLANG_WARN_DOCUMENTATION_COMMENTS = YES;
				CLANG_WARN_EMPTY_BODY = YES;
				CLANG_WARN_ENUM_CONVERSION = YES;
				CLANG_WARN_INFINITE_RECURSION = YES;
				CLANG_WARN_INT_CONVERSION = YES;
				CLANG_WARN_NON_LITERAL_NULL_CONVERSION = YES;
				CLANG_WARN_OBJC_LITERAL_CONVERSION = YES;
				CLANG_WARN_OBJC_ROOT_CLASS = YES_ERROR;
				CLANG_WARN_RANGE_LOOP_ANALYSIS = YES;
				CLANG_WARN_STRICT_PROTOTYPES = YES;
				CLANG_WARN_SUSPICIOUS_MOVE = YES;
				CLANG_WARN_UNGUARDED_AVAILABILITY = YES_AGGRESSIVE;
				CLANG_WARN_UNREACHABLE_CODE = YES;
				CLANG_WARN__DUPLICATE_METHOD_MATCH = YES;
				CODE_SIGN_IDENTITY = "iPhone Developer";
				COPY_PHASE_STRIP = NO;
				DEBUG_INFORMATION_FORMAT = dwarf;
				ENABLE_STRICT_OBJC_MSGSEND = YES;
				ENABLE_TESTABILITY = YES;
				GCC_C_LANGUAGE_STANDARD = gnu11;
				GCC_DYNAMIC_NO_PIC = NO;
				GCC_NO_COMMON_BLOCKS = YES;
				GCC_OPTIMIZATION_LEVEL = 0;
				GCC_PREPROCESSOR_DEFINITIONS = (
					"DEBUG=1",
					"$(inherited)",
				);
				GCC_WARN_64_TO_32_BIT_CONVERSION = YES;
				GCC_WARN_ABOUT_RETURN_TYPE = YES_ERROR;
				GCC_WARN_UNDECLARED_SELECTOR = YES;
				GCC_WARN_UNINITIALIZED_AUTOS = YES_AGGRESSIVE;
				GCC_WARN_UNUSED_FUNCTION = YES;
				GCC_WARN_UNUSED_VARIABLE = YES;
				IPHONEOS_DEPLOYMENT_TARGET = 11.2;
				MTL_ENABLE_DEBUG_INFO = YES;
				ONLY_ACTIVE_ARCH = YES;
				SDKROOT = iphoneos;
				SWIFT_ACTIVE_COMPILATION_CONDITIONS = DEBUG;
				SWIFT_OPTIMIZATION_LEVEL = "-Onone";
			};
			name = Debug;
		};
		12FD01E821887CBB00717C2A /* Release */ = {
			isa = XCBuildConfiguration;
			buildSettings = {
				ALWAYS_SEARCH_USER_PATHS = NO;
				CLANG_ANALYZER_NONNULL = YES;
				CLANG_ANALYZER_NUMBER_OBJECT_CONVERSION = YES_AGGRESSIVE;
				CLANG_CXX_LANGUAGE_STANDARD = "gnu++14";
				CLANG_CXX_LIBRARY = "libc++";
				CLANG_ENABLE_MODULES = YES;
				CLANG_ENABLE_OBJC_ARC = YES;
				CLANG_WARN_BLOCK_CAPTURE_AUTORELEASING = YES;
				CLANG_WARN_BOOL_CONVERSION = YES;
				CLANG_WARN_COMMA = YES;
				CLANG_WARN_CONSTANT_CONVERSION = YES;
				CLANG_WARN_DIRECT_OBJC_ISA_USAGE = YES_ERROR;
				CLANG_WARN_DOCUMENTATION_COMMENTS = YES;
				CLANG_WARN_EMPTY_BODY = YES;
				CLANG_WARN_ENUM_CONVERSION = YES;
				CLANG_WARN_INFINITE_RECURSION = YES;
				CLANG_WARN_INT_CONVERSION = YES;
				CLANG_WARN_NON_LITERAL_NULL_CONVERSION = YES;
				CLANG_WARN_OBJC_LITERAL_CONVERSION = YES;
				CLANG_WARN_OBJC_ROOT_CLASS = YES_ERROR;
				CLANG_WARN_RANGE_LOOP_ANALYSIS = YES;
				CLANG_WARN_STRICT_PROTOTYPES = YES;
				CLANG_WARN_SUSPICIOUS_MOVE = YES;
				CLANG_WARN_UNGUARDED_AVAILABILITY = YES_AGGRESSIVE;
				CLANG_WARN_UNREACHABLE_CODE = YES;
				CLANG_WARN__DUPLICATE_METHOD_MATCH = YES;
				CODE_SIGN_IDENTITY = "iPhone Developer";
				COPY_PHASE_STRIP = NO;
				DEBUG_INFORMATION_FORMAT = "dwarf-with-dsym";
				ENABLE_NS_ASSERTIONS = NO;
				ENABLE_STRICT_OBJC_MSGSEND = YES;
				GCC_C_LANGUAGE_STANDARD = gnu11;
				GCC_NO_COMMON_BLOCKS = YES;
				GCC_WARN_64_TO_32_BIT_CONVERSION = YES;
				GCC_WARN_ABOUT_RETURN_TYPE = YES_ERROR;
				GCC_WARN_UNDECLARED_SELECTOR = YES;
				GCC_WARN_UNINITIALIZED_AUTOS = YES_AGGRESSIVE;
				GCC_WARN_UNUSED_FUNCTION = YES;
				GCC_WARN_UNUSED_VARIABLE = YES;
				IPHONEOS_DEPLOYMENT_TARGET = 11.2;
				MTL_ENABLE_DEBUG_INFO = NO;
				SDKROOT = iphoneos;
				SWIFT_OPTIMIZATION_LEVEL = "-Owholemodule";
				VALIDATE_PRODUCT = YES;
			};
			name = Release;
		};
		12FD01EA21887CBB00717C2A /* Debug */ = {
			isa = XCBuildConfiguration;
			buildSettings = {
				ASSETCATALOG_COMPILER_APPICON_NAME = AppIcon;
				CODE_SIGN_STYLE = Automatic;
				DEVELOPMENT_TEAM = MM98EN6395;
				INFOPLIST_FILE = GitLocal_Test/Info.plist;
				LD_RUNPATH_SEARCH_PATHS = "$(inherited) @executable_path/Frameworks";
				PRODUCT_BUNDLE_IDENTIFIER = "Kaspon.GitLocal-Test";
				PRODUCT_NAME = "$(TARGET_NAME)";
				SWIFT_VERSION = 4.0;
				TARGETED_DEVICE_FAMILY = "1,2";
			};
			name = Debug;
		};
		12FD01EB21887CBB00717C2A /* Release */ = {
			isa = XCBuildConfiguration;
			buildSettings = {
				ASSETCATALOG_COMPILER_APPICON_NAME = AppIcon;
				CODE_SIGN_STYLE = Automatic;
				DEVELOPMENT_TEAM = MM98EN6395;
				INFOPLIST_FILE = GitLocal_Test/Info.plist;
				LD_RUNPATH_SEARCH_PATHS = "$(inherited) @executable_path/Frameworks";
				PRODUCT_BUNDLE_IDENTIFIER = "Kaspon.GitLocal-Test";
				PRODUCT_NAME = "$(TARGET_NAME)";
				SWIFT_VERSION = 4.0;
				TARGETED_DEVICE_FAMILY = "1,2";
			};
			name = Release;
		};
		12FD01ED21887CBB00717C2A /* Debug */ = {
			isa = XCBuildConfiguration;
			buildSettings = {
				ALWAYS_EMBED_SWIFT_STANDARD_LIBRARIES = YES;
				BUNDLE_LOADER = "$(TEST_HOST)";
				CODE_SIGN_STYLE = Automatic;
				DEVELOPMENT_TEAM = MM98EN6395;
				INFOPLIST_FILE = GitLocal_TestTests/Info.plist;
				LD_RUNPATH_SEARCH_PATHS = "$(inherited) @executable_path/Frameworks @loader_path/Frameworks";
				PRODUCT_BUNDLE_IDENTIFIER = "Kaspon.GitLocal-TestTests";
				PRODUCT_NAME = "$(TARGET_NAME)";
				SWIFT_VERSION = 4.0;
				TARGETED_DEVICE_FAMILY = "1,2";
				TEST_HOST = "$(BUILT_PRODUCTS_DIR)/GitLocal_Test.app/GitLocal_Test";
			};
			name = Debug;
		};
		12FD01EE21887CBB00717C2A /* Release */ = {
			isa = XCBuildConfiguration;
			buildSettings = {
				ALWAYS_EMBED_SWIFT_STANDARD_LIBRARIES = YES;
				BUNDLE_LOADER = "$(TEST_HOST)";
				CODE_SIGN_STYLE = Automatic;
				DEVELOPMENT_TEAM = MM98EN6395;
				INFOPLIST_FILE = GitLocal_TestTests/Info.plist;
				LD_RUNPATH_SEARCH_PATHS = "$(inherited) @executable_path/Frameworks @loader_path/Frameworks";
				PRODUCT_BUNDLE_IDENTIFIER = "Kaspon.GitLocal-TestTests";
				PRODUCT_NAME = "$(TARGET_NAME)";
				SWIFT_VERSION = 4.0;
				TARGETED_DEVICE_FAMILY = "1,2";
				TEST_HOST = "$(BUILT_PRODUCTS_DIR)/GitLocal_Test.app/GitLocal_Test";
			};
			name = Release;
		};
		12FD01F021887CBB00717C2A /* Debug */ = {
			isa = XCBuildConfiguration;
			buildSettings = {
				ALWAYS_EMBED_SWIFT_STANDARD_LIBRARIES = YES;
				CODE_SIGN_STYLE = Automatic;
				DEVELOPMENT_TEAM = MM98EN6395;
				INFOPLIST_FILE = GitLocal_TestUITests/Info.plist;
				LD_RUNPATH_SEARCH_PATHS = "$(inherited) @executable_path/Frameworks @loader_path/Frameworks";
				PRODUCT_BUNDLE_IDENTIFIER = "Kaspon.GitLocal-TestUITests";
				PRODUCT_NAME = "$(TARGET_NAME)";
				SWIFT_VERSION = 4.0;
				TARGETED_DEVICE_FAMILY = "1,2";
				TEST_TARGET_NAME = GitLocal_Test;
			};
			name = Debug;
		};
		12FD01F121887CBB00717C2A /* Release */ = {
			isa = XCBuildConfiguration;
			buildSettings = {
				ALWAYS_EMBED_SWIFT_STANDARD_LIBRARIES = YES;
				CODE_SIGN_STYLE = Automatic;
				DEVELOPMENT_TEAM = MM98EN6395;
				INFOPLIST_FILE = GitLocal_TestUITests/Info.plist;
				LD_RUNPATH_SEARCH_PATHS = "$(inherited) @executable_path/Frameworks @loader_path/Frameworks";
				PRODUCT_BUNDLE_IDENTIFIER = "Kaspon.GitLocal-TestUITests";
				PRODUCT_NAME = "$(TARGET_NAME)";
				SWIFT_VERSION = 4.0;
				TARGETED_DEVICE_FAMILY = "1,2";
				TEST_TARGET_NAME = GitLocal_Test;
			};
			name = Release;
		};
/* End XCBuildConfiguration section */

/* Begin XCConfigurationList section */
		12FD01BC21887CBB00717C2A /* Build configuration list for PBXProject "GitLocal_Test" */ = {
			isa = XCConfigurationList;
			buildConfigurations = (
				12FD01E721887CBB00717C2A /* Debug */,
				12FD01E821887CBB00717C2A /* Release */,
			);
			defaultConfigurationIsVisible = 0;
			defaultConfigurationName = Release;
		};
		12FD01E921887CBB00717C2A /* Build configuration list for PBXNativeTarget "GitLocal_Test" */ = {
			isa = XCConfigurationList;
			buildConfigurations = (
				12FD01EA21887CBB00717C2A /* Debug */,
				12FD01EB21887CBB00717C2A /* Release */,
			);
			defaultConfigurationIsVisible = 0;
			defaultConfigurationName = Release;
		};
		12FD01EC21887CBB00717C2A /* Build configuration list for PBXNativeTarget "GitLocal_TestTests" */ = {
			isa = XCConfigurationList;
			buildConfigurations = (
				12FD01ED21887CBB00717C2A /* Debug */,
				12FD01EE21887CBB00717C2A /* Release */,
			);
			defaultConfigurationIsVisible = 0;
			defaultConfigurationName = Release;
		};
		12FD01EF21887CBB00717C2A /* Build configuration list for PBXNativeTarget "GitLocal_TestUITests" */ = {
			isa = XCConfigurationList;
			buildConfigurations = (
				12FD01F021887CBB00717C2A /* Debug */,
				12FD01F121887CBB00717C2A /* Release */,
			);
			defaultConfigurationIsVisible = 0;
			defaultConfigurationName = Release;
		};
/* End XCConfigurationList section */
	};
	rootObject = 12FD01B921887CBB00717C2A /* Project object */;
}
